
Microsoft Visual Studio Solution File, Format Version 12.00
# Visual Studio 15
VisualStudioVersion = 15.0.28010.2016
MinimumVisualStudioVersion = 10.0.40219.1
Project("{FAE04EC0-301F-11D3-BF4B-00C04F79EFBC}") = "LoveHeart", "LoveHeart\LoveHeart.csproj", "{CD3A0C78-D395-4656-AB9B-C64117574431}"
EndProject
Global
	GlobalSection(SolutionConfigurationPlatforms) = preSolution
		Debug|Any CPU = Debug|Any CPU
		Release|Any CPU = Release|Any CPU
	EndGlobalSection
	GlobalSection(ProjectConfigurationPlatforms) = postSolution
		{CD3A0C78-D395-4656-AB9B-C64117574431}.Debug|Any CPU.ActiveCfg = Debug|Any CPU
		{CD3A0C78-D395-4656-AB9B-C64117574431}.Debug|Any CPU.Build.0 = Debug|Any CPU
		{CD3A0C78-D395-4656-AB9B-C64117574431}.Release|Any CPU.ActiveCfg = Release|Any CPU
		{CD3A0C78-D395-4656-AB9B-C64117574431}.Release|Any CPU.Build.0 = Release|Any CPU
	EndGlobalSection
	GlobalSection(SolutionProperties) = preSolution
		HideSolutionNode = FALSE
	EndGlobalSection
	GlobalSection(ExtensibilityGlobals) = postSolution
		SolutionGuid = {FAB7C0EA-D43B-417E-BD8D-44FCAA4DACC6}
	EndGlobalSection
EndGlobal
